
Microsoft Visual Studio Solution File, Format Version 12.00
# Visual Studio Version 16
VisualStudioVersion = 16.0.29306.81
MinimumVisualStudioVersion = 10.0.40219.1
Project("{8BC9CEB8-8B4A-11D0-8D11-00A0C91BC942}") = "Project3", "Project3\Project3.vcxproj", "{1F41A9B3-53C3-4FC8-B14D-62399F925177}"
EndProject
Global
	GlobalSection(SolutionConfigurationPlatforms) = preSolution
		Debug|x64 = Debug|x64
		Debug|x86 = Debug|x86
		Release|x64 = Release|x64
		Release|x86 = Release|x86
	EndGlobalSection
	GlobalSection(ProjectConfigurationPlatforms) = postSolution
		{1F41A9B3-53C3-4FC8-B14D-62399F925177}.Debug|x64.ActiveCfg = Debug|x64
		{1F41A9B3-53C3-4FC8-B14D-62399F925177}.Debug|x64.Build.0 = Debug|x64
		{1F41A9B3-53C3-4FC8-B14D-62399F925177}.Debug|x86.ActiveCfg = Debug|Win32
		{1F41A9B3-53C3-4FC8-B14D-62399F925177}.Debug|x86.Build.0 = Debug|Win32
		{1F41A9B3-53C3-4FC8-B14D-62399F925177}.Release|x64.ActiveCfg = Release|x64
		{1F41A9B3-53C3-4FC8-B14D-62399F925177}.Release|x64.Build.0 = Release|x64
		{1F41A9B3-53C3-4FC8-B14D-62399F925177}.Release|x86.ActiveCfg = Release|Win32
		{1F41A9B3-53C3-4FC8-B14D-62399F925177}.Release|x86.Build.0 = Release|Win32
	EndGlobalSection
	GlobalSection(SolutionProperties) = preSolution
		HideSolutionNode = FALSE
	EndGlobalSection
	GlobalSection(ExtensibilityGlobals) = postSolution
		SolutionGuid = {5A21DD11-7874-4AEA-9C1F-7D8D7C707964}
	EndGlobalSection
EndGlobal
